
Microsoft Visual Studio Solution File, Format Version 12.00
# Visual Studio Version 17
VisualStudioVersion = 17.2.32630.192
MinimumVisualStudioVersion = 10.0.40219.1
Project("{FAE04EC0-301F-11D3-BF4B-00C04F79EFBC}") = "Scada.Gauge.Que", "Scada.Gauge.Que\Scada.Gauge.Que.csproj", "{8F0D2A57-8F0C-43F4-AC7E-F81B666DE14C}"
EndProject
Project("{FAE04EC0-301F-11D3-BF4B-00C04F79EFBC}") = "Scada.Data", "Scada.Data\Scada.Data.csproj", "{E71BC954-A925-4E12-BC23-EC96768E8DB4}"
EndProject
Project("{FAE04EC0-301F-11D3-BF4B-00C04F79EFBC}") = "Scada.Data.DataList", "Scada.Data.DataList\Scada.Data.DataList.csproj", "{D087B30F-5652-4058-91B6-B745B0AA038C}"
EndProject
Project("{FAE04EC0-301F-11D3-BF4B-00C04F79EFBC}") = "ScadaApplicationQueue", "ScadaApplicationQue\ScadaApplicationQueue.csproj", "{C9F8401E-4B48-408D-84AE-063B235C5F9F}"
EndProject
Global
	GlobalSection(SolutionConfigurationPlatforms) = preSolution
		Debug|Any CPU = Debug|Any CPU
		Release|Any CPU = Release|Any CPU
	EndGlobalSection
	GlobalSection(ProjectConfigurationPlatforms) = postSolution
		{8F0D2A57-8F0C-43F4-AC7E-F81B666DE14C}.Debug|Any CPU.ActiveCfg = Debug|Any CPU
		{8F0D2A57-8F0C-43F4-AC7E-F81B666DE14C}.Debug|Any CPU.Build.0 = Debug|Any CPU
		{8F0D2A57-8F0C-43F4-AC7E-F81B666DE14C}.Release|Any CPU.ActiveCfg = Release|Any CPU
		{8F0D2A57-8F0C-43F4-AC7E-F81B666DE14C}.Release|Any CPU.Build.0 = Release|Any CPU
		{E71BC954-A925-4E12-BC23-EC96768E8DB4}.Debug|Any CPU.ActiveCfg = Debug|Any CPU
		{E71BC954-A925-4E12-BC23-EC96768E8DB4}.Debug|Any CPU.Build.0 = Debug|Any CPU
		{E71BC954-A925-4E12-BC23-EC96768E8DB4}.Release|Any CPU.ActiveCfg = Release|Any CPU
		{E71BC954-A925-4E12-BC23-EC96768E8DB4}.Release|Any CPU.Build.0 = Release|Any CPU
		{D087B30F-5652-4058-91B6-B745B0AA038C}.Debug|Any CPU.ActiveCfg = Debug|Any CPU
		{D087B30F-5652-4058-91B6-B745B0AA038C}.Debug|Any CPU.Build.0 = Debug|Any CPU
		{D087B30F-5652-4058-91B6-B745B0AA038C}.Release|Any CPU.ActiveCfg = Release|Any CPU
		{D087B30F-5652-4058-91B6-B745B0AA038C}.Release|Any CPU.Build.0 = Release|Any CPU
		{C9F8401E-4B48-408D-84AE-063B235C5F9F}.Debug|Any CPU.ActiveCfg = Debug|Any CPU
		{C9F8401E-4B48-408D-84AE-063B235C5F9F}.Debug|Any CPU.Build.0 = Debug|Any CPU
		{C9F8401E-4B48-408D-84AE-063B235C5F9F}.Release|Any CPU.ActiveCfg = Release|Any CPU
		{C9F8401E-4B48-408D-84AE-063B235C5F9F}.Release|Any CPU.Build.0 = Release|Any CPU
	EndGlobalSection
	GlobalSection(SolutionProperties) = preSolution
		HideSolutionNode = FALSE
	EndGlobalSection
	GlobalSection(ExtensibilityGlobals) = postSolution
		SolutionGuid = {6F89698C-0446-4486-905D-26569681245F}
	EndGlobalSection
EndGlobal
